// !$*UTF8*$!
{
	archiveVersion = 1;
	classes = {
	};
	objectVersion = 55;
	objects = {

/* Begin PBXBuildFile section */
		2203781927B24CA00070D41C /* HexagonParameters.swift in Sources */ = {isa = PBXBuildFile; fileRef = 2203781827B24CA00070D41C /* HexagonParameters.swift */; };
		2203781B27B24E100070D41C /* BadgeBackground.swift in Sources */ = {isa = PBXBuildFile; fileRef = 2203781A27B24E100070D41C /* BadgeBackground.swift */; };
		2203781D27B2526F0070D41C /* BadgeSymbol.swift in Sources */ = {isa = PBXBuildFile; fileRef = 2203781C27B2526F0070D41C /* BadgeSymbol.swift */; };
		2203781F27B2532D0070D41C /* RotatedBadgeSymbol.swift in Sources */ = {isa = PBXBuildFile; fileRef = 2203781E27B2532D0070D41C /* RotatedBadgeSymbol.swift */; };
		2203782127B253EA0070D41C /* Badge.swift in Sources */ = {isa = PBXBuildFile; fileRef = 2203782027B253EA0070D41C /* Badge.swift */; };
		2256A8DB27AF542A00F3C48A /* FavoriteButton.swift in Sources */ = {isa = PBXBuildFile; fileRef = 2256A8DA27AF542A00F3C48A /* FavoriteButton.swift */; };
		228F421127B345CC00905D9C /* hikeData.json in Resources */ = {isa = PBXBuildFile; fileRef = 228F421027B345CC00905D9C /* hikeData.json */; };
		228F421327B345ED00905D9C /* Hike.swift in Sources */ = {isa = PBXBuildFile; fileRef = 228F421227B345ED00905D9C /* Hike.swift */; };
		228F421927B3464400905D9C /* GraphCapsule.swift in Sources */ = {isa = PBXBuildFile; fileRef = 228F421527B3464400905D9C /* GraphCapsule.swift */; };
		228F421A27B3464400905D9C /* HikeGraph.swift in Sources */ = {isa = PBXBuildFile; fileRef = 228F421627B3464400905D9C /* HikeGraph.swift */; };
		228F421B27B3464400905D9C /* HikeDetail.swift in Sources */ = {isa = PBXBuildFile; fileRef = 228F421727B3464400905D9C /* HikeDetail.swift */; };
		228F421C27B3464400905D9C /* HikeView.swift in Sources */ = {isa = PBXBuildFile; fileRef = 228F421827B3464400905D9C /* HikeView.swift */; };
		22A13E8227ADB740002A4AB1 /* LandmarksApp.swift in Sources */ = {isa = PBXBuildFile; fileRef = 22A13E8127ADB740002A4AB1 /* LandmarksApp.swift */; };
		22A13E8427ADB740002A4AB1 /* ContentView.swift in Sources */ = {isa = PBXBuildFile; fileRef = 22A13E8327ADB740002A4AB1 /* ContentView.swift */; };
		22A13E8627ADB740002A4AB1 /* Assets.xcassets in Resources */ = {isa = PBXBuildFile; fileRef = 22A13E8527ADB740002A4AB1 /* Assets.xcassets */; };
		22A13E8927ADB740002A4AB1 /* Preview Assets.xcassets in Resources */ = {isa = PBXBuildFile; fileRef = 22A13E8827ADB740002A4AB1 /* Preview Assets.xcassets */; };
		22A13E9027ADBD9B002A4AB1 /* CircleImage.swift in Sources */ = {isa = PBXBuildFile; fileRef = 22A13E8F27ADBD9B002A4AB1 /* CircleImage.swift */; };
		22A13E9227ADC0B2002A4AB1 /* MapView.swift in Sources */ = {isa = PBXBuildFile; fileRef = 22A13E9127ADC0B2002A4AB1 /* MapView.swift */; };
		22A13E9427ADD60A002A4AB1 /* landmarkData.json in Resources */ = {isa = PBXBuildFile; fileRef = 22A13E9327ADD60A002A4AB1 /* landmarkData.json */; };
		22A13E9627ADD66B002A4AB1 /* Landmark.swift in Sources */ = {isa = PBXBuildFile; fileRef = 22A13E9527ADD66B002A4AB1 /* Landmark.swift */; };
		22A13E9827ADD91F002A4AB1 /* ModelData.swift in Sources */ = {isa = PBXBuildFile; fileRef = 22A13E9727ADD91F002A4AB1 /* ModelData.swift */; };
		22A13E9E27ADDB35002A4AB1 /* LandmarkRow.swift in Sources */ = {isa = PBXBuildFile; fileRef = 22A13E9D27ADDB35002A4AB1 /* LandmarkRow.swift */; };
		22A13EA027ADDE86002A4AB1 /* LandmarkList.swift in Sources */ = {isa = PBXBuildFile; fileRef = 22A13E9F27ADDE86002A4AB1 /* LandmarkList.swift */; };
		22A13EA227ADE2DE002A4AB1 /* LandmarkDetail.swift in Sources */ = {isa = PBXBuildFile; fileRef = 22A13EA127ADE2DE002A4AB1 /* LandmarkDetail.swift */; };
/* End PBXBuildFile section */

/* Begin PBXFileReference section */
		2203781827B24CA00070D41C /* HexagonParameters.swift */ = {isa = PBXFileReference; lastKnownFileType = sourcecode.swift; path = HexagonParameters.swift; sourceTree = "<group>"; };
		2203781A27B24E100070D41C /* BadgeBackground.swift */ = {isa = PBXFileReference; lastKnownFileType = sourcecode.swift; path = BadgeBackground.swift; sourceTree = "<group>"; };
		2203781C27B2526F0070D41C /* BadgeSymbol.swift */ = {isa = PBXFileReference; lastKnownFileType = sourcecode.swift; path = BadgeSymbol.swift; sourceTree = "<group>"; };
		2203781E27B2532D0070D41C /* RotatedBadgeSymbol.swift */ = {isa = PBXFileReference; lastKnownFileType = sourcecode.swift; path = RotatedBadgeSymbol.swift; sourceTree = "<group>"; };
		2203782027B253EA0070D41C /* Badge.swift */ = {isa = PBXFileReference; lastKnownFileType = sourcecode.swift; path = Badge.swift; sourceTree = "<group>"; };
		2256A8DA27AF542A00F3C48A /* FavoriteButton.swift */ = {isa = PBXFileReference; lastKnownFileType = sourcecode.swift; path = FavoriteButton.swift; sourceTree = "<group>"; };
		228F421027B345CC00905D9C /* hikeData.json */ = {isa = PBXFileReference; fileEncoding = 4; lastKnownFileType = text.json; path = hikeData.json; sourceTree = "<group>"; };
		228F421227B345ED00905D9C /* Hike.swift */ = {isa = PBXFileReference; lastKnownFileType = sourcecode.swift; path = Hike.swift; sourceTree = "<group>"; };
		228F421527B3464400905D9C /* GraphCapsule.swift */ = {isa = PBXFileReference; fileEncoding = 4; lastKnownFileType = sourcecode.swift; path = GraphCapsule.swift; sourceTree = "<group>"; };
		228F421627B3464400905D9C /* HikeGraph.swift */ = {isa = PBXFileReference; fileEncoding = 4; lastKnownFileType = sourcecode.swift; path = HikeGraph.swift; sourceTree = "<group>"; };
		228F421727B3464400905D9C /* HikeDetail.swift */ = {isa = PBXFileReference; fileEncoding = 4; lastKnownFileType = sourcecode.swift; path = HikeDetail.swift; sourceTree = "<group>"; };
		228F421827B3464400905D9C /* HikeView.swift */ = {isa = PBXFileReference; fileEncoding = 4; lastKnownFileType = sourcecode.swift; path = HikeView.swift; sourceTree = "<group>"; };
		22A13E7E27ADB740002A4AB1 /* Landmarks.app */ = {isa = PBXFileReference; explicitFileType = wrapper.application; includeInIndex = 0; path = Landmarks.app; sourceTree = BUILT_PRODUCTS_DIR; };
		22A13E8127ADB740002A4AB1 /* LandmarksApp.swift */ = {isa = PBXFileReference; lastKnownFileType = sourcecode.swift; path = LandmarksApp.swift; sourceTree = "<group>"; };
		22A13E8327ADB740002A4AB1 /* ContentView.swift */ = {isa = PBXFileReference; lastKnownFileType = sourcecode.swift; path = ContentView.swift; sourceTree = "<group>"; };
		22A13E8527ADB740002A4AB1 /* Assets.xcassets */ = {isa = PBXFileReference; lastKnownFileType = folder.assetcatalog; path = Assets.xcassets; sourceTree = "<group>"; };
		22A13E8827ADB740002A4AB1 /* Preview Assets.xcassets */ = {isa = PBXFileReference; lastKnownFileType = folder.assetcatalog; path = "Preview Assets.xcassets"; sourceTree = "<group>"; };
		22A13E8F27ADBD9B002A4AB1 /* CircleImage.swift */ = {isa = PBXFileReference; lastKnownFileType = sourcecode.swift; path = CircleImage.swift; sourceTree = "<group>"; };
		22A13E9127ADC0B2002A4AB1 /* MapView.swift */ = {isa = PBXFileReference; lastKnownFileType = sourcecode.swift; path = MapView.swift; sourceTree = "<group>"; };
		22A13E9327ADD60A002A4AB1 /* landmarkData.json */ = {isa = PBXFileReference; fileEncoding = 4; lastKnownFileType = text.json; path = landmarkData.json; sourceTree = "<group>"; };
		22A13E9527ADD66B002A4AB1 /* Landmark.swift */ = {isa = PBXFileReference; lastKnownFileType = sourcecode.swift; path = Landmark.swift; sourceTree = "<group>"; };
		22A13E9727ADD91F002A4AB1 /* ModelData.swift */ = {isa = PBXFileReference; lastKnownFileType = sourcecode.swift; path = ModelData.swift; sourceTree = "<group>"; };
		22A13E9D27ADDB35002A4AB1 /* LandmarkRow.swift */ = {isa = PBXFileReference; lastKnownFileType = sourcecode.swift; path = LandmarkRow.swift; sourceTree = "<group>"; };
		22A13E9F27ADDE86002A4AB1 /* LandmarkList.swift */ = {isa = PBXFileReference; lastKnownFileType = sourcecode.swift; path = LandmarkList.swift; sourceTree = "<group>"; };
		22A13EA127ADE2DE002A4AB1 /* LandmarkDetail.swift */ = {isa = PBXFileReference; lastKnownFileType = sourcecode.swift; path = LandmarkDetail.swift; sourceTree = "<group>"; };
/* End PBXFileReference section */

/* Begin PBXFrameworksBuildPhase section */
		22A13E7B27ADB740002A4AB1 /* Frameworks */ = {
			isa = PBXFrameworksBuildPhase;
			buildActionMask = 2147483647;
			files = (
			);
			runOnlyForDeploymentPostprocessing = 0;
		};
/* End PBXFrameworksBuildPhase section */

/* Begin PBXGroup section */
		2203782227B255200070D41C /* Badges */ = {
			isa = PBXGroup;
			children = (
				2203782027B253EA0070D41C /* Badge.swift */,
				2203781A27B24E100070D41C /* BadgeBackground.swift */,
				2203781C27B2526F0070D41C /* BadgeSymbol.swift */,
				2203781E27B2532D0070D41C /* RotatedBadgeSymbol.swift */,
				2203781827B24CA00070D41C /* HexagonParameters.swift */,
			);
			path = Badges;
			sourceTree = "<group>";
		};
		2256A8DD27AF563B00F3C48A /* Landmarks */ = {
			isa = PBXGroup;
			children = (
				22A13E9F27ADDE86002A4AB1 /* LandmarkList.swift */,
				22A13E9D27ADDB35002A4AB1 /* LandmarkRow.swift */,
				22A13EA127ADE2DE002A4AB1 /* LandmarkDetail.swift */,
			);
			path = Landmarks;
			sourceTree = "<group>";
		};
		2256A8DE27AF565000F3C48A /* Helpers */ = {
			isa = PBXGroup;
			children = (
				22A13E8F27ADBD9B002A4AB1 /* CircleImage.swift */,
				22A13E9127ADC0B2002A4AB1 /* MapView.swift */,
				2256A8DA27AF542A00F3C48A /* FavoriteButton.swift */,
			);
			path = Helpers;
			sourceTree = "<group>";
		};
		228F421427B3464400905D9C /* Hikes */ = {
			isa = PBXGroup;
			children = (
				228F421527B3464400905D9C /* GraphCapsule.swift */,
				228F421627B3464400905D9C /* HikeGraph.swift */,
				228F421727B3464400905D9C /* HikeDetail.swift */,
				228F421827B3464400905D9C /* HikeView.swift */,
			);
			path = Hikes;
			sourceTree = "<group>";
		};
		22A13E7527ADB740002A4AB1 = {
			isa = PBXGroup;
			children = (
				22A13E8027ADB740002A4AB1 /* Landmarks */,
				22A13E7F27ADB740002A4AB1 /* Products */,
			);
			sourceTree = "<group>";
		};
		22A13E7F27ADB740002A4AB1 /* Products */ = {
			isa = PBXGroup;
			children = (
				22A13E7E27ADB740002A4AB1 /* Landmarks.app */,
			);
			name = Products;
			sourceTree = "<group>";
		};
		22A13E8027ADB740002A4AB1 /* Landmarks */ = {
			isa = PBXGroup;
			children = (
				22A13E8127ADB740002A4AB1 /* LandmarksApp.swift */,
				22A13E9927ADDA43002A4AB1 /* Views */,
				22A13E9C27ADDAAB002A4AB1 /* Model */,
				22A13E9A27ADDA80002A4AB1 /* Resources */,
				22A13E8527ADB740002A4AB1 /* Assets.xcassets */,
				22A13E8727ADB740002A4AB1 /* Preview Content */,
			);
			path = Landmarks;
			sourceTree = "<group>";
		};
		22A13E8727ADB740002A4AB1 /* Preview Content */ = {
			isa = PBXGroup;
			children = (
				22A13E8827ADB740002A4AB1 /* Preview Assets.xcassets */,
			);
			path = "Preview Content";
			sourceTree = "<group>";
		};
		22A13E9927ADDA43002A4AB1 /* Views */ = {
			isa = PBXGroup;
			children = (
				22A13E8327ADB740002A4AB1 /* ContentView.swift */,
				228F421427B3464400905D9C /* Hikes */,
				2203782227B255200070D41C /* Badges */,
				2256A8DD27AF563B00F3C48A /* Landmarks */,
				2256A8DE27AF565000F3C48A /* Helpers */,
			);
			path = Views;
			sourceTree = "<group>";
		};
		22A13E9A27ADDA80002A4AB1 /* Resources */ = {
			isa = PBXGroup;
			children = (
				22A13E9327ADD60A002A4AB1 /* landmarkData.json */,
				228F421027B345CC00905D9C /* hikeData.json */,
			);
			path = Resources;
			sourceTree = "<group>";
		};
		22A13E9C27ADDAAB002A4AB1 /* Model */ = {
			isa = PBXGroup;
			children = (
				22A13E9727ADD91F002A4AB1 /* ModelData.swift */,
				22A13E9527ADD66B002A4AB1 /* Landmark.swift */,
				228F421227B345ED00905D9C /* Hike.swift */,
			);
			path = Model;
			sourceTree = "<group>";
		};
/* End PBXGroup section */

/* Begin PBXNativeTarget section */
		22A13E7D27ADB740002A4AB1 /* Landmarks */ = {
			isa = PBXNativeTarget;
			buildConfigurationList = 22A13E8C27ADB740002A4AB1 /* Build configuration list for PBXNativeTarget "Landmarks" */;
			buildPhases = (
				22A13E7A27ADB740002A4AB1 /* Sources */,
				22A13E7B27ADB740002A4AB1 /* Frameworks */,
				22A13E7C27ADB740002A4AB1 /* Resources */,
			);
			buildRules = (
			);
			dependencies = (
			);
			name = Landmarks;
			productName = Landmarks;
			productReference = 22A13E7E27ADB740002A4AB1 /* Landmarks.app */;
			productType = "com.apple.product-type.application";
		};
/* End PBXNativeTarget section */

/* Begin PBXProject section */
		22A13E7627ADB740002A4AB1 /* Project object */ = {
			isa = PBXProject;
			attributes = {
				BuildIndependentTargetsInParallel = 1;
				LastSwiftUpdateCheck = 1320;
				LastUpgradeCheck = 1320;
				TargetAttributes = {
					22A13E7D27ADB740002A4AB1 = {
						CreatedOnToolsVersion = 13.2.1;
					};
				};
			};
			buildConfigurationList = 22A13E7927ADB740002A4AB1 /* Build configuration list for PBXProject "Landmarks" */;
			compatibilityVersion = "Xcode 13.0";
			developmentRegion = en;
			hasScannedForEncodings = 0;
			knownRegions = (
				en,
				Base,
			);
			mainGroup = 22A13E7527ADB740002A4AB1;
			productRefGroup = 22A13E7F27ADB740002A4AB1 /* Products */;
			projectDirPath = "";
			projectRoot = "";
			targets = (
				22A13E7D27ADB740002A4AB1 /* Landmarks */,
			);
		};
/* End PBXProject section */

/* Begin PBXResourcesBuildPhase section */
		22A13E7C27ADB740002A4AB1 /* Resources */ = {
			isa = PBXResourcesBuildPhase;
			buildActionMask = 2147483647;
			files = (
				228F421127B345CC00905D9C /* hikeData.json in Resources */,
				22A13E8927ADB740002A4AB1 /* Preview Assets.xcassets in Resources */,
				22A13E8627ADB740002A4AB1 /* Assets.xcassets in Resources */,
				22A13E9427ADD60A002A4AB1 /* landmarkData.json in Resources */,
			);
			runOnlyForDeploymentPostprocessing = 0;
		};
/* End PBXResourcesBuildPhase section */

/* Begin PBXSourcesBuildPhase section */
		22A13E7A27ADB740002A4AB1 /* Sources */ = {
			isa = PBXSourcesBuildPhase;
			buildActionMask = 2147483647;
			files = (
				22A13E8427ADB740002A4AB1 /* ContentView.swift in Sources */,
				228F421A27B3464400905D9C /* HikeGraph.swift in Sources */,
				2203782127B253EA0070D41C /* Badge.swift in Sources */,
				22A13E9227ADC0B2002A4AB1 /* MapView.swift in Sources */,
				228F421927B3464400905D9C /* GraphCapsule.swift in Sources */,
				22A13E8227ADB740002A4AB1 /* LandmarksApp.swift in Sources */,
				2256A8DB27AF542A00F3C48A /* FavoriteButton.swift in Sources */,
				228F421B27B3464400905D9C /* HikeDetail.swift in Sources */,
				2203781927B24CA00070D41C /* HexagonParameters.swift in Sources */,
				228F421327B345ED00905D9C /* Hike.swift in Sources */,
				2203781F27B2532D0070D41C /* RotatedBadgeSymbol.swift in Sources */,
				2203781D27B2526F0070D41C /* BadgeSymbol.swift in Sources */,
				22A13EA027ADDE86002A4AB1 /* LandmarkList.swift in Sources */,
				228F421C27B3464400905D9C /* HikeView.swift in Sources */,
				22A13EA227ADE2DE002A4AB1 /* LandmarkDetail.swift in Sources */,
				2203781B27B24E100070D41C /* BadgeBackground.swift in Sources */,
				22A13E9027ADBD9B002A4AB1 /* CircleImage.swift in Sources */,
				22A13E9627ADD66B002A4AB1 /* Landmark.swift in Sources */,
				22A13E9E27ADDB35002A4AB1 /* LandmarkRow.swift in Sources */,
				22A13E9827ADD91F002A4AB1 /* ModelData.swift in Sources */,
			);
			runOnlyForDeploymentPostprocessing = 0;
		};
/* End PBXSourcesBuildPhase section */

/* Begin XCBuildConfiguration section */
		22A13E8A27ADB740002A4AB1 /* Debug */ = {
			isa = XCBuildConfiguration;
			buildSettings = {
				ALWAYS_SEARCH_USER_PATHS = NO;
				CLANG_ANALYZER_NONNULL = YES;
				CLANG_ANALYZER_NUMBER_OBJECT_CONVERSION = YES_AGGRESSIVE;
				CLANG_CXX_LANGUAGE_STANDARD = "gnu++17";
				CLANG_CXX_LIBRARY = "libc++";
				CLANG_ENABLE_MODULES = YES;
				CLANG_ENABLE_OBJC_ARC = YES;
				CLANG_ENABLE_OBJC_WEAK = YES;
				CLANG_WARN_BLOCK_CAPTURE_AUTORELEASING = YES;
				CLANG_WARN_BOOL_CONVERSION = YES;
				CLANG_WARN_COMMA = YES;
				CLANG_WARN_CONSTANT_CONVERSION = YES;
				CLANG_WARN_DEPRECATED_OBJC_IMPLEMENTATIONS = YES;
				CLANG_WARN_DIRECT_OBJC_ISA_USAGE = YES_ERROR;
				CLANG_WARN_DOCUMENTATION_COMMENTS = YES;
				CLANG_WARN_EMPTY_BODY = YES;
				CLANG_WARN_ENUM_CONVERSION = YES;
				CLANG_WARN_INFINITE_RECURSION = YES;
				CLANG_WARN_INT_CONVERSION = YES;
				CLANG_WARN_NON_LITERAL_NULL_CONVERSION = YES;
				CLANG_WARN_OBJC_IMPLICIT_RETAIN_SELF = YES;
				CLANG_WARN_OBJC_LITERAL_CONVERSION = YES;
				CLANG_WARN_OBJC_ROOT_CLASS = YES_ERROR;
				CLANG_WARN_QUOTED_INCLUDE_IN_FRAMEWORK_HEADER = YES;
				CLANG_WARN_RANGE_LOOP_ANALYSIS = YES;
				CLANG_WARN_STRICT_PROTOTYPES = YES;
				CLANG_WARN_SUSPICIOUS_MOVE = YES;
				CLANG_WARN_UNGUARDED_AVAILABILITY = YES_AGGRESSIVE;
				CLANG_WARN_UNREACHABLE_CODE = YES;
				CLANG_WARN__DUPLICATE_METHOD_MATCH = YES;
				COPY_PHASE_STRIP = NO;
				DEBUG_INFORMATION_FORMAT = dwarf;
				ENABLE_STRICT_OBJC_MSGSEND = YES;
				ENABLE_TESTABILITY = YES;
				GCC_C_LANGUAGE_STANDARD = gnu11;
				GCC_DYNAMIC_NO_PIC = NO;
				GCC_NO_COMMON_BLOCKS = YES;
				GCC_OPTIMIZATION_LEVEL = 0;
				GCC_PREPROCESSOR_DEFINITIONS = (
					"DEBUG=1",
					"$(inherited)",
				);
				GCC_WARN_64_TO_32_BIT_CONVERSION = YES;
				GCC_WARN_ABOUT_RETURN_TYPE = YES_ERROR;
				GCC_WARN_UNDECLARED_SELECTOR = YES;
				GCC_WARN_UNINITIALIZED_AUTOS = YES_AGGRESSIVE;
				GCC_WARN_UNUSED_FUNCTION = YES;
				GCC_WARN_UNUSED_VARIABLE = YES;
				IPHONEOS_DEPLOYMENT_TARGET = 15.2;
				MTL_ENABLE_DEBUG_INFO = INCLUDE_SOURCE;
				MTL_FAST_MATH = YES;
				ONLY_ACTIVE_ARCH = YES;
				SDKROOT = iphoneos;
				SWIFT_ACTIVE_COMPILATION_CONDITIONS = DEBUG;
				SWIFT_OPTIMIZATION_LEVEL = "-Onone";
			};
			name = Debug;
		};
		22A13E8B27ADB740002A4AB1 /* Release */ = {
			isa = XCBuildConfiguration;
			buildSettings = {
				ALWAYS_SEARCH_USER_PATHS = NO;
				CLANG_ANALYZER_NONNULL = YES;
				CLANG_ANALYZER_NUMBER_OBJECT_CONVERSION = YES_AGGRESSIVE;
				CLANG_CXX_LANGUAGE_STANDARD = "gnu++17";
				CLANG_CXX_LIBRARY = "libc++";
				CLANG_ENABLE_MODULES = YES;
				CLANG_ENABLE_OBJC_ARC = YES;
				CLANG_ENABLE_OBJC_WEAK = YES;
				CLANG_WARN_BLOCK_CAPTURE_AUTORELEASING = YES;
				CLANG_WARN_BOOL_CONVERSION = YES;
				CLANG_WARN_COMMA = YES;
				CLANG_WARN_CONSTANT_CONVERSION = YES;
				CLANG_WARN_DEPRECATED_OBJC_IMPLEMENTATIONS = YES;
				CLANG_WARN_DIRECT_OBJC_ISA_USAGE = YES_ERROR;
				CLANG_WARN_DOCUMENTATION_COMMENTS = YES;
				CLANG_WARN_EMPTY_BODY = YES;
				CLANG_WARN_ENUM_CONVERSION = YES;
				CLANG_WARN_INFINITE_RECURSION = YES;
				CLANG_WARN_INT_CONVERSION = YES;
				CLANG_WARN_NON_LITERAL_NULL_CONVERSION = YES;
				CLANG_WARN_OBJC_IMPLICIT_RETAIN_SELF = YES;
				CLANG_WARN_OBJC_LITERAL_CONVERSION = YES;
				CLANG_WARN_OBJC_ROOT_CLASS = YES_ERROR;
				CLANG_WARN_QUOTED_INCLUDE_IN_FRAMEWORK_HEADER = YES;
				CLANG_WARN_RANGE_LOOP_ANALYSIS = YES;
				CLANG_WARN_STRICT_PROTOTYPES = YES;
				CLANG_WARN_SUSPICIOUS_MOVE = YES;
				CLANG_WARN_UNGUARDED_AVAILABILITY = YES_AGGRESSIVE;
				CLANG_WARN_UNREACHABLE_CODE = YES;
				CLANG_WARN__DUPLICATE_METHOD_MATCH = YES;
				COPY_PHASE_STRIP = NO;
				DEBUG_INFORMATION_FORMAT = "dwarf-with-dsym";
				ENABLE_NS_ASSERTIONS = NO;
				ENABLE_STRICT_OBJC_MSGSEND = YES;
				GCC_C_LANGUAGE_STANDARD = gnu11;
				GCC_NO_COMMON_BLOCKS = YES;
				GCC_WARN_64_TO_32_BIT_CONVERSION = YES;
				GCC_WARN_ABOUT_RETURN_TYPE = YES_ERROR;
				GCC_WARN_UNDECLARED_SELECTOR = YES;
				GCC_WARN_UNINITIALIZED_AUTOS = YES_AGGRESSIVE;
				GCC_WARN_UNUSED_FUNCTION = YES;
				GCC_WARN_UNUSED_VARIABLE = YES;
				IPHONEOS_DEPLOYMENT_TARGET = 15.2;
				MTL_ENABLE_DEBUG_INFO = NO;
				MTL_FAST_MATH = YES;
				SDKROOT = iphoneos;
				SWIFT_COMPILATION_MODE = wholemodule;
				SWIFT_OPTIMIZATION_LEVEL = "-O";
				VALIDATE_PRODUCT = YES;
			};
			name = Release;
		};
		22A13E8D27ADB740002A4AB1 /* Debug */ = {
			isa = XCBuildConfiguration;
			buildSettings = {
				ASSETCATALOG_COMPILER_APPICON_NAME = AppIcon;
				ASSETCATALOG_COMPILER_GLOBAL_ACCENT_COLOR_NAME = AccentColor;
				CODE_SIGN_STYLE = Automatic;
				CURRENT_PROJECT_VERSION = 1;
				DEVELOPMENT_ASSET_PATHS = "\"Landmarks/Preview Content\"";
				DEVELOPMENT_TEAM = FD2AC7K8UB;
				ENABLE_PREVIEWS = YES;
				GENERATE_INFOPLIST_FILE = YES;
				INFOPLIST_KEY_UIApplicationSceneManifest_Generation = YES;
				INFOPLIST_KEY_UIApplicationSupportsIndirectInputEvents = YES;
				INFOPLIST_KEY_UILaunchScreen_Generation = YES;
				INFOPLIST_KEY_UISupportedInterfaceOrientations_iPad = "UIInterfaceOrientationPortrait UIInterfaceOrientationPortraitUpsideDown UIInterfaceOrientationLandscapeLeft UIInterfaceOrientationLandscapeRight";
				INFOPLIST_KEY_UISupportedInterfaceOrientations_iPhone = "UIInterfaceOrientationPortrait UIInterfaceOrientationLandscapeLeft UIInterfaceOrientationLandscapeRight";
				LD_RUNPATH_SEARCH_PATHS = (
					"$(inherited)",
					"@executable_path/Frameworks",
				);
				MARKETING_VERSION = 1.0;
				PRODUCT_BUNDLE_IDENTIFIER = com.taishiwalden.Landmarks;
				PRODUCT_NAME = "$(TARGET_NAME)";
				SWIFT_EMIT_LOC_STRINGS = YES;
				SWIFT_VERSION = 5.0;
				TARGETED_DEVICE_FAMILY = "1,2";
			};
			name = Debug;
		};
		22A13E8E27ADB740002A4AB1 /* Release */ = {
			isa = XCBuildConfiguration;
			buildSettings = {
				ASSETCATALOG_COMPILER_APPICON_NAME = AppIcon;
				ASSETCATALOG_COMPILER_GLOBAL_ACCENT_COLOR_NAME = AccentColor;
				CODE_SIGN_STYLE = Automatic;
				CURRENT_PROJECT_VERSION = 1;
				DEVELOPMENT_ASSET_PATHS = "\"Landmarks/Preview Content\"";
				DEVELOPMENT_TEAM = FD2AC7K8UB;
				ENABLE_PREVIEWS = YES;
				GENERATE_INFOPLIST_FILE = YES;
				INFOPLIST_KEY_UIApplicationSceneManifest_Generation = YES;
				INFOPLIST_KEY_UIApplicationSupportsIndirectInputEvents = YES;
				INFOPLIST_KEY_UILaunchScreen_Generation = YES;
				INFOPLIST_KEY_UISupportedInterfaceOrientations_iPad = "UIInterfaceOrientationPortrait UIInterfaceOrientationPortraitUpsideDown UIInterfaceOrientationLandscapeLeft UIInterfaceOrientationLandscapeRight";
				INFOPLIST_KEY_UISupportedInterfaceOrientations_iPhone = "UIInterfaceOrientationPortrait UIInterfaceOrientationLandscapeLeft UIInterfaceOrientationLandscapeRight";
				LD_RUNPATH_SEARCH_PATHS = (
					"$(inherited)",
					"@executable_path/Frameworks",
				);
				MARKETING_VERSION = 1.0;
				PRODUCT_BUNDLE_IDENTIFIER = com.taishiwalden.Landmarks;
				PRODUCT_NAME = "$(TARGET_NAME)";
				SWIFT_EMIT_LOC_STRINGS = YES;
				SWIFT_VERSION = 5.0;
				TARGETED_DEVICE_FAMILY = "1,2";
			};
			name = Release;
		};
/* End XCBuildConfiguration section */

/* Begin XCConfigurationList section */
		22A13E7927ADB740002A4AB1 /* Build configuration list for PBXProject "Landmarks" */ = {
			isa = XCConfigurationList;
			buildConfigurations = (
				22A13E8A27ADB740002A4AB1 /* Debug */,
				22A13E8B27ADB740002A4AB1 /* Release */,
			);
			defaultConfigurationIsVisible = 0;
			defaultConfigurationName = Release;
		};
		22A13E8C27ADB740002A4AB1 /* Build configuration list for PBXNativeTarget "Landmarks" */ = {
			isa = XCConfigurationList;
			buildConfigurations = (
				22A13E8D27ADB740002A4AB1 /* Debug */,
				22A13E8E27ADB740002A4AB1 /* Release */,
			);
			defaultConfigurationIsVisible = 0;
			defaultConfigurationName = Release;
		};
/* End XCConfigurationList section */
	};
	rootObject = 22A13E7627ADB740002A4AB1 /* Project object */;
}
